// !$*UTF8*$!
{
	archiveVersion = 1;
	classes = {
	};
	objectVersion = 50;
	objects = {

/* Begin PBXBuildFile section */
		AD4EBFC42474ABFD00918966 /* AppDelegate.swift in Sources */ = {isa = PBXBuildFile; fileRef = AD4EBFC32474ABFD00918966 /* AppDelegate.swift */; };
		AD4EBFC62474ABFD00918966 /* SceneDelegate.swift in Sources */ = {isa = PBXBuildFile; fileRef = AD4EBFC52474ABFD00918966 /* SceneDelegate.swift */; };
		AD4EBFC92474ABFD00918966 /* heros.xcdatamodeld in Sources */ = {isa = PBXBuildFile; fileRef = AD4EBFC72474ABFD00918966 /* heros.xcdatamodeld */; };
		AD4EBFCB2474ABFD00918966 /* ContentView.swift in Sources */ = {isa = PBXBuildFile; fileRef = AD4EBFCA2474ABFD00918966 /* ContentView.swift */; };
		AD4EBFCD2474ABFF00918966 /* Assets.xcassets in Resources */ = {isa = PBXBuildFile; fileRef = AD4EBFCC2474ABFF00918966 /* Assets.xcassets */; };
		AD4EBFD02474ABFF00918966 /* Preview Assets.xcassets in Resources */ = {isa = PBXBuildFile; fileRef = AD4EBFCF2474ABFF00918966 /* Preview Assets.xcassets */; };
		AD4EBFD32474ABFF00918966 /* LaunchScreen.storyboard in Resources */ = {isa = PBXBuildFile; fileRef = AD4EBFD12474ABFF00918966 /* LaunchScreen.storyboard */; };
/* End PBXBuildFile section */

/* Begin PBXFileReference section */
		AD4EBFC02474ABFD00918966 /* heros.app */ = {isa = PBXFileReference; explicitFileType = wrapper.application; includeInIndex = 0; path = heros.app; sourceTree = BUILT_PRODUCTS_DIR; };
		AD4EBFC32474ABFD00918966 /* AppDelegate.swift */ = {isa = PBXFileReference; lastKnownFileType = sourcecode.swift; path = AppDelegate.swift; sourceTree = "<group>"; };
		AD4EBFC52474ABFD00918966 /* SceneDelegate.swift */ = {isa = PBXFileReference; lastKnownFileType = sourcecode.swift; path = SceneDelegate.swift; sourceTree = "<group>"; };
		AD4EBFC82474ABFD00918966 /* heros.xcdatamodel */ = {isa = PBXFileReference; lastKnownFileType = wrapper.xcdatamodel; path = heros.xcdatamodel; sourceTree = "<group>"; };
		AD4EBFCA2474ABFD00918966 /* ContentView.swift */ = {isa = PBXFileReference; lastKnownFileType = sourcecode.swift; path = ContentView.swift; sourceTree = "<group>"; };
		AD4EBFCC2474ABFF00918966 /* Assets.xcassets */ = {isa = PBXFileReference; lastKnownFileType = folder.assetcatalog; path = Assets.xcassets; sourceTree = "<group>"; };
		AD4EBFCF2474ABFF00918966 /* Preview Assets.xcassets */ = {isa = PBXFileReference; lastKnownFileType = folder.assetcatalog; path = "Preview Assets.xcassets"; sourceTree = "<group>"; };
		AD4EBFD22474ABFF00918966 /* Base */ = {isa = PBXFileReference; lastKnownFileType = file.storyboard; name = Base; path = Base.lproj/LaunchScreen.storyboard; sourceTree = "<group>"; };
		AD4EBFD42474ABFF00918966 /* Info.plist */ = {isa = PBXFileReference; lastKnownFileType = text.plist.xml; path = Info.plist; sourceTree = "<group>"; };
/* End PBXFileReference section */

/* Begin PBXFrameworksBuildPhase section */
		AD4EBFBD2474ABFD00918966 /* Frameworks */ = {
			isa = PBXFrameworksBuildPhase;
			buildActionMask = 2147483647;
			files = (
			);
			runOnlyForDeploymentPostprocessing = 0;
		};
/* End PBXFrameworksBuildPhase section */

/* Begin PBXGroup section */
		AD4EBFB72474ABFD00918966 = {
			isa = PBXGroup;
			children = (
				AD4EBFC22474ABFD00918966 /* heros */,
				AD4EBFC12474ABFD00918966 /* Products */,
			);
			sourceTree = "<group>";
		};
		AD4EBFC12474ABFD00918966 /* Products */ = {
			isa = PBXGroup;
			children = (
				AD4EBFC02474ABFD00918966 /* heros.app */,
			);
			name = Products;
			sourceTree = "<group>";
		};
		AD4EBFC22474ABFD00918966 /* heros */ = {
			isa = PBXGroup;
			children = (
				AD4EBFC32474ABFD00918966 /* AppDelegate.swift */,
				AD4EBFC52474ABFD00918966 /* SceneDelegate.swift */,
				AD4EBFCA2474ABFD00918966 /* ContentView.swift */,
				AD4EBFCC2474ABFF00918966 /* Assets.xcassets */,
				AD4EBFD12474ABFF00918966 /* LaunchScreen.storyboard */,
				AD4EBFD42474ABFF00918966 /* Info.plist */,
				AD4EBFC72474ABFD00918966 /* heros.xcdatamodeld */,
				AD4EBFCE2474ABFF00918966 /* Preview Content */,
			);
			path = heros;
			sourceTree = "<group>";
		};
		AD4EBFCE2474ABFF00918966 /* Preview Content */ = {
			isa = PBXGroup;
			children = (
				AD4EBFCF2474ABFF00918966 /* Preview Assets.xcassets */,
			);
			path = "Preview Content";
			sourceTree = "<group>";
		};
/* End PBXGroup section */

/* Begin PBXNativeTarget section */
		AD4EBFBF2474ABFD00918966 /* heros */ = {
			isa = PBXNativeTarget;
			buildConfigurationList = AD4EBFD72474ABFF00918966 /* Build configuration list for PBXNativeTarget "heros" */;
			buildPhases = (
				AD4EBFBC2474ABFD00918966 /* Sources */,
				AD4EBFBD2474ABFD00918966 /* Frameworks */,
				AD4EBFBE2474ABFD00918966 /* Resources */,
			);
			buildRules = (
			);
			dependencies = (
			);
			name = heros;
			productName = heros;
			productReference = AD4EBFC02474ABFD00918966 /* heros.app */;
			productType = "com.apple.product-type.application";
		};
/* End PBXNativeTarget section */

/* Begin PBXProject section */
		AD4EBFB82474ABFD00918966 /* Project object */ = {
			isa = PBXProject;
			attributes = {
				LastSwiftUpdateCheck = 1130;
				LastUpgradeCheck = 1130;
				ORGANIZATIONNAME = mruelas;
				TargetAttributes = {
					AD4EBFBF2474ABFD00918966 = {
						CreatedOnToolsVersion = 11.3.1;
					};
				};
			};
			buildConfigurationList = AD4EBFBB2474ABFD00918966 /* Build configuration list for PBXProject "heros" */;
			compatibilityVersion = "Xcode 9.3";
			developmentRegion = en;
			hasScannedForEncodings = 0;
			knownRegions = (
				en,
				Base,
			);
			mainGroup = AD4EBFB72474ABFD00918966;
			productRefGroup = AD4EBFC12474ABFD00918966 /* Products */;
			projectDirPath = "";
			projectRoot = "";
			targets = (
				AD4EBFBF2474ABFD00918966 /* heros */,
			);
		};
/* End PBXProject section */

/* Begin PBXResourcesBuildPhase section */
		AD4EBFBE2474ABFD00918966 /* Resources */ = {
			isa = PBXResourcesBuildPhase;
			buildActionMask = 2147483647;
			files = (
				AD4EBFD32474ABFF00918966 /* LaunchScreen.storyboard in Resources */,
				AD4EBFD02474ABFF00918966 /* Preview Assets.xcassets in Resources */,
				AD4EBFCD2474ABFF00918966 /* Assets.xcassets in Resources */,
			);
			runOnlyForDeploymentPostprocessing = 0;
		};
/* End PBXResourcesBuildPhase section */

/* Begin PBXSourcesBuildPhase section */
		AD4EBFBC2474ABFD00918966 /* Sources */ = {
			isa = PBXSourcesBuildPhase;
			buildActionMask = 2147483647;
			files = (
				AD4EBFC42474ABFD00918966 /* AppDelegate.swift in Sources */,
				AD4EBFC62474ABFD00918966 /* SceneDelegate.swift in Sources */,
				AD4EBFCB2474ABFD00918966 /* ContentView.swift in Sources */,
				AD4EBFC92474ABFD00918966 /* heros.xcdatamodeld in Sources */,
			);
			runOnlyForDeploymentPostprocessing = 0;
		};
/* End PBXSourcesBuildPhase section */

/* Begin PBXVariantGroup section */
		AD4EBFD12474ABFF00918966 /* LaunchScreen.storyboard */ = {
			isa = PBXVariantGroup;
			children = (
				AD4EBFD22474ABFF00918966 /* Base */,
			);
			name = LaunchScreen.storyboard;
			sourceTree = "<group>";
		};
/* End PBXVariantGroup section */

/* Begin XCBuildConfiguration section */
		AD4EBFD52474ABFF00918966 /* Debug */ = {
			isa = XCBuildConfiguration;
			buildSettings = {
				ALWAYS_SEARCH_USER_PATHS = NO;
				CLANG_ANALYZER_NONNULL = YES;
				CLANG_ANALYZER_NUMBER_OBJECT_CONVERSION = YES_AGGRESSIVE;
				CLANG_CXX_LANGUAGE_STANDARD = "gnu++14";
				CLANG_CXX_LIBRARY = "libc++";
				CLANG_ENABLE_MODULES = YES;
				CLANG_ENABLE_OBJC_ARC = YES;
				CLANG_ENABLE_OBJC_WEAK = YES;
				CLANG_WARN_BLOCK_CAPTURE_AUTORELEASING = YES;
				CLANG_WARN_BOOL_CONVERSION = YES;
				CLANG_WARN_COMMA = YES;
				CLANG_WARN_CONSTANT_CONVERSION = YES;
				CLANG_WARN_DEPRECATED_OBJC_IMPLEMENTATIONS = YES;
				CLANG_WARN_DIRECT_OBJC_ISA_USAGE = YES_ERROR;
				CLANG_WARN_DOCUMENTATION_COMMENTS = YES;
				CLANG_WARN_EMPTY_BODY = YES;
				CLANG_WARN_ENUM_CONVERSION = YES;
				CLANG_WARN_INFINITE_RECURSION = YES;
				CLANG_WARN_INT_CONVERSION = YES;
				CLANG_WARN_NON_LITERAL_NULL_CONVERSION = YES;
				CLANG_WARN_OBJC_IMPLICIT_RETAIN_SELF = YES;
				CLANG_WARN_OBJC_LITERAL_CONVERSION = YES;
				CLANG_WARN_OBJC_ROOT_CLASS = YES_ERROR;
				CLANG_WARN_RANGE_LOOP_ANALYSIS = YES;
				CLANG_WARN_STRICT_PROTOTYPES = YES;
				CLANG_WARN_SUSPICIOUS_MOVE = YES;
				CLANG_WARN_UNGUARDED_AVAILABILITY = YES_AGGRESSIVE;
				CLANG_WARN_UNREACHABLE_CODE = YES;
				CLANG_WARN__DUPLICATE_METHOD_MATCH = YES;
				COPY_PHASE_STRIP = NO;
				DEBUG_INFORMATION_FORMAT = dwarf;
				ENABLE_STRICT_OBJC_MSGSEND = YES;
				ENABLE_TESTABILITY = YES;
				GCC_C_LANGUAGE_STANDARD = gnu11;
				GCC_DYNAMIC_NO_PIC = NO;
				GCC_NO_COMMON_BLOCKS = YES;
				GCC_OPTIMIZATION_LEVEL = 0;
				GCC_PREPROCESSOR_DEFINITIONS = (
					"DEBUG=1",
					"$(inherited)",
				);
				GCC_WARN_64_TO_32_BIT_CONVERSION = YES;
				GCC_WARN_ABOUT_RETURN_TYPE = YES_ERROR;
				GCC_WARN_UNDECLARED_SELECTOR = YES;
				GCC_WARN_UNINITIALIZED_AUTOS = YES_AGGRESSIVE;
				GCC_WARN_UNUSED_FUNCTION = YES;
				GCC_WARN_UNUSED_VARIABLE = YES;
				IPHONEOS_DEPLOYMENT_TARGET = 13.2;
				MTL_ENABLE_DEBUG_INFO = INCLUDE_SOURCE;
				MTL_FAST_MATH = YES;
				ONLY_ACTIVE_ARCH = YES;
				SDKROOT = iphoneos;
				SWIFT_ACTIVE_COMPILATION_CONDITIONS = DEBUG;
				SWIFT_OPTIMIZATION_LEVEL = "-Onone";
			};
			name = Debug;
		};
		AD4EBFD62474ABFF00918966 /* Release */ = {
			isa = XCBuildConfiguration;
			buildSettings = {
				ALWAYS_SEARCH_USER_PATHS = NO;
				CLANG_ANALYZER_NONNULL = YES;
				CLANG_ANALYZER_NUMBER_OBJECT_CONVERSION = YES_AGGRESSIVE;
				CLANG_CXX_LANGUAGE_STANDARD = "gnu++14";
				CLANG_CXX_LIBRARY = "libc++";
				CLANG_ENABLE_MODULES = YES;
				CLANG_ENABLE_OBJC_ARC = YES;
				CLANG_ENABLE_OBJC_WEAK = YES;
				CLANG_WARN_BLOCK_CAPTURE_AUTORELEASING = YES;
				CLANG_WARN_BOOL_CONVERSION = YES;
				CLANG_WARN_COMMA = YES;
				CLANG_WARN_CONSTANT_CONVERSION = YES;
				CLANG_WARN_DEPRECATED_OBJC_IMPLEMENTATIONS = YES;
				CLANG_WARN_DIRECT_OBJC_ISA_USAGE = YES_ERROR;
				CLANG_WARN_DOCUMENTATION_COMMENTS = YES;
				CLANG_WARN_EMPTY_BODY = YES;
				CLANG_WARN_ENUM_CONVERSION = YES;
				CLANG_WARN_INFINITE_RECURSION = YES;
				CLANG_WARN_INT_CONVERSION = YES;
				CLANG_WARN_NON_LITERAL_NULL_CONVERSION = YES;
				CLANG_WARN_OBJC_IMPLICIT_RETAIN_SELF = YES;
				CLANG_WARN_OBJC_LITERAL_CONVERSION = YES;
				CLANG_WARN_OBJC_ROOT_CLASS = YES_ERROR;
				CLANG_WARN_RANGE_LOOP_ANALYSIS = YES;
				CLANG_WARN_STRICT_PROTOTYPES = YES;
				CLANG_WARN_SUSPICIOUS_MOVE = YES;
				CLANG_WARN_UNGUARDED_AVAILABILITY = YES_AGGRESSIVE;
				CLANG_WARN_UNREACHABLE_CODE = YES;
				CLANG_WARN__DUPLICATE_METHOD_MATCH = YES;
				COPY_PHASE_STRIP = NO;
				DEBUG_INFORMATION_FORMAT = "dwarf-with-dsym";
				ENABLE_NS_ASSERTIONS = NO;
				ENABLE_STRICT_OBJC_MSGSEND = YES;
				GCC_C_LANGUAGE_STANDARD = gnu11;
				GCC_NO_COMMON_BLOCKS = YES;
				GCC_WARN_64_TO_32_BIT_CONVERSION = YES;
				GCC_WARN_ABOUT_RETURN_TYPE = YES_ERROR;
				GCC_WARN_UNDECLARED_SELECTOR = YES;
				GCC_WARN_UNINITIALIZED_AUTOS = YES_AGGRESSIVE;
				GCC_WARN_UNUSED_FUNCTION = YES;
				GCC_WARN_UNUSED_VARIABLE = YES;
				IPHONEOS_DEPLOYMENT_TARGET = 13.2;
				MTL_ENABLE_DEBUG_INFO = NO;
				MTL_FAST_MATH = YES;
				SDKROOT = iphoneos;
				SWIFT_COMPILATION_MODE = wholemodule;
				SWIFT_OPTIMIZATION_LEVEL = "-O";
				VALIDATE_PRODUCT = YES;
			};
			name = Release;
		};
		AD4EBFD82474ABFF00918966 /* Debug */ = {
			isa = XCBuildConfiguration;
			buildSettings = {
				ASSETCATALOG_COMPILER_APPICON_NAME = AppIcon;
				CODE_SIGN_STYLE = Automatic;
				DEVELOPMENT_ASSET_PATHS = "\"heros/Preview Content\"";
				ENABLE_PREVIEWS = YES;
				INFOPLIST_FILE = heros/Info.plist;
				LD_RUNPATH_SEARCH_PATHS = (
					"$(inherited)",
					"@executable_path/Frameworks",
				);
				PRODUCT_BUNDLE_IDENTIFIER = com.mruelas.heros;
				PRODUCT_NAME = "$(TARGET_NAME)";
				SWIFT_VERSION = 5.0;
				TARGETED_DEVICE_FAMILY = "1,2";
			};
			name = Debug;
		};
		AD4EBFD92474ABFF00918966 /* Release */ = {
			isa = XCBuildConfiguration;
			buildSettings = {
				ASSETCATALOG_COMPILER_APPICON_NAME = AppIcon;
				CODE_SIGN_STYLE = Automatic;
				DEVELOPMENT_ASSET_PATHS = "\"heros/Preview Content\"";
				ENABLE_PREVIEWS = YES;
				INFOPLIST_FILE = heros/Info.plist;
				LD_RUNPATH_SEARCH_PATHS = (
					"$(inherited)",
					"@executable_path/Frameworks",
				);
				PRODUCT_BUNDLE_IDENTIFIER = com.mruelas.heros;
				PRODUCT_NAME = "$(TARGET_NAME)";
				SWIFT_VERSION = 5.0;
				TARGETED_DEVICE_FAMILY = "1,2";
			};
			name = Release;
		};
/* End XCBuildConfiguration section */

/* Begin XCConfigurationList section */
		AD4EBFBB2474ABFD00918966 /* Build configuration list for PBXProject "heros" */ = {
			isa = XCConfigurationList;
			buildConfigurations = (
				AD4EBFD52474ABFF00918966 /* Debug */,
				AD4EBFD62474ABFF00918966 /* Release */,
			);
			defaultConfigurationIsVisible = 0;
			defaultConfigurationName = Release;
		};
		AD4EBFD72474ABFF00918966 /* Build configuration list for PBXNativeTarget "heros" */ = {
			isa = XCConfigurationList;
			buildConfigurations = (
				AD4EBFD82474ABFF00918966 /* Debug */,
				AD4EBFD92474ABFF00918966 /* Release */,
			);
			defaultConfigurationIsVisible = 0;
			defaultConfigurationName = Release;
		};
/* End XCConfigurationList section */

/* Begin XCVersionGroup section */
		AD4EBFC72474ABFD00918966 /* heros.xcdatamodeld */ = {
			isa = XCVersionGroup;
			children = (
				AD4EBFC82474ABFD00918966 /* heros.xcdatamodel */,
			);
			currentVersion = AD4EBFC82474ABFD00918966 /* heros.xcdatamodel */;
			path = heros.xcdatamodeld;
			sourceTree = "<group>";
			versionGroupType = wrapper.xcdatamodel;
		};
/* End XCVersionGroup section */
	};
	rootObject = AD4EBFB82474ABFD00918966 /* Project object */;
}
